// !$*UTF8*$!
{
	archiveVersion = 1;
	classes = {
	};
	objectVersion = 56;
	objects = {

/* Begin PBXBuildFile section */
		27472C212BFC91B9002FF77A /* PreviewViewController.m in Sources */ = {isa = PBXBuildFile; fileRef = 27472C1F2BFC91B9002FF77A /* PreviewViewController.m */; };
		27472C272BFC9B58002FF77A /* Image.m in Sources */ = {isa = PBXBuildFile; fileRef = 27472C232BFC9B58002FF77A /* Image.m */; };
		27ECCD9A2BD3F50100FBC9FA /* AppDelegate.m in Sources */ = {isa = PBXBuildFile; fileRef = 27ECCD992BD3F50100FBC9FA /* AppDelegate.m */; };
		27ECCD9D2BD3F50100FBC9FA /* SceneDelegate.m in Sources */ = {isa = PBXBuildFile; fileRef = 27ECCD9C2BD3F50100FBC9FA /* SceneDelegate.m */; };
		27ECCDA02BD3F50100FBC9FA /* RootViewController.m in Sources */ = {isa = PBXBuildFile; fileRef = 27ECCD9F2BD3F50100FBC9FA /* RootViewController.m */; };
		27ECCDA32BD3F50100FBC9FA /* Base in Resources */ = {isa = PBXBuildFile; fileRef = 27ECCDA22BD3F50100FBC9FA /* Base */; };
		27ECCDA52BD3F50200FBC9FA /* Assets.xcassets in Resources */ = {isa = PBXBuildFile; fileRef = 27ECCDA42BD3F50200FBC9FA /* Assets.xcassets */; };
		27ECCDA82BD3F50200FBC9FA /* Base in Resources */ = {isa = PBXBuildFile; fileRef = 27ECCDA72BD3F50200FBC9FA /* Base */; };
		27ECCDAB2BD3F50200FBC9FA /* main.m in Sources */ = {isa = PBXBuildFile; fileRef = 27ECCDAA2BD3F50200FBC9FA /* main.m */; };
		27FB1BC32BD41ECE00E07EDA /* QBarSDK.mm in Sources */ = {isa = PBXBuildFile; fileRef = 27FB1BC22BD41ECE00E07EDA /* QBarSDK.mm */; };
		27FB1BCA2BD41FDF00E07EDA /* CameraViewController.m in Sources */ = {isa = PBXBuildFile; fileRef = 27FB1BC92BD41FDF00E07EDA /* CameraViewController.m */; };
		27FF91442BD4FCD700BA5434 /* DetectedObject.m in Sources */ = {isa = PBXBuildFile; fileRef = 27FF91432BD4FCD200BA5434 /* DetectedObject.m */; };
		27FF91552BD5273600BA5434 /* QBar.framework/QBar in Frameworks */ = {isa = PBXBuildFile; fileRef = 27FB1BBF2BD3F6D100E07EDA /* QBar.framework/QBar */; };
		27FF91572BD5278A00BA5434 /* opencv2.framework in Frameworks */ = {isa = PBXBuildFile; fileRef = 27FF91562BD5278A00BA5434 /* opencv2.framework */; };
/* End PBXBuildFile section */

/* Begin PBXContainerItemProxy section */
		27FB1BBE2BD3F6D100E07EDA /* PBXContainerItemProxy */ = {
			isa = PBXContainerItemProxy;
			containerPortal = 27FB1BB72BD3F6D100E07EDA /* QBar.xcodeproj */;
			proxyType = 2;
			remoteGlobalIDString = 89FD419912ED47C7B2D76CDB;
			remoteInfo = QBar;
		};
		27FF91452BD5188300BA5434 /* PBXContainerItemProxy */ = {
			isa = PBXContainerItemProxy;
			containerPortal = 27FB1BB72BD3F6D100E07EDA /* QBar.xcodeproj */;
			proxyType = 1;
			remoteGlobalIDString = 8EEB2BF3289046CEA1EDEB21;
			remoteInfo = QBar;
		};
/* End PBXContainerItemProxy section */

/* Begin PBXFileReference section */
		27472C1F2BFC91B9002FF77A /* PreviewViewController.m */ = {isa = PBXFileReference; fileEncoding = 4; lastKnownFileType = sourcecode.c.objc; path = PreviewViewController.m; sourceTree = "<group>"; };
		27472C202BFC91B9002FF77A /* PreviewViewController.h */ = {isa = PBXFileReference; fileEncoding = 4; lastKnownFileType = sourcecode.c.h; path = PreviewViewController.h; sourceTree = "<group>"; };
		27472C232BFC9B58002FF77A /* Image.m */ = {isa = PBXFileReference; fileEncoding = 4; lastKnownFileType = sourcecode.c.objc; path = Image.m; sourceTree = "<group>"; };
		27472C242BFC9B58002FF77A /* Image.h */ = {isa = PBXFileReference; fileEncoding = 4; lastKnownFileType = sourcecode.c.h; path = Image.h; sourceTree = "<group>"; };
		27ECCD952BD3F50100FBC9FA /* demo.app */ = {isa = PBXFileReference; explicitFileType = wrapper.application; includeInIndex = 0; path = demo.app; sourceTree = BUILT_PRODUCTS_DIR; };
		27ECCD982BD3F50100FBC9FA /* AppDelegate.h */ = {isa = PBXFileReference; lastKnownFileType = sourcecode.c.h; path = AppDelegate.h; sourceTree = "<group>"; };
		27ECCD992BD3F50100FBC9FA /* AppDelegate.m */ = {isa = PBXFileReference; lastKnownFileType = sourcecode.c.objc; path = AppDelegate.m; sourceTree = "<group>"; };
		27ECCD9B2BD3F50100FBC9FA /* SceneDelegate.h */ = {isa = PBXFileReference; lastKnownFileType = sourcecode.c.h; path = SceneDelegate.h; sourceTree = "<group>"; };
		27ECCD9C2BD3F50100FBC9FA /* SceneDelegate.m */ = {isa = PBXFileReference; lastKnownFileType = sourcecode.c.objc; path = SceneDelegate.m; sourceTree = "<group>"; };
		27ECCD9E2BD3F50100FBC9FA /* RootViewController.h */ = {isa = PBXFileReference; lastKnownFileType = sourcecode.c.h; path = RootViewController.h; sourceTree = "<group>"; };
		27ECCD9F2BD3F50100FBC9FA /* RootViewController.m */ = {isa = PBXFileReference; lastKnownFileType = sourcecode.c.objc; path = RootViewController.m; sourceTree = "<group>"; };
		27ECCDA22BD3F50100FBC9FA /* Base */ = {isa = PBXFileReference; lastKnownFileType = file.storyboard; name = Base; path = Base.lproj/Main.storyboard; sourceTree = "<group>"; };
		27ECCDA42BD3F50200FBC9FA /* Assets.xcassets */ = {isa = PBXFileReference; lastKnownFileType = folder.assetcatalog; path = Assets.xcassets; sourceTree = "<group>"; };
		27ECCDA72BD3F50200FBC9FA /* Base */ = {isa = PBXFileReference; lastKnownFileType = file.storyboard; name = Base; path = Base.lproj/LaunchScreen.storyboard; sourceTree = "<group>"; };
		27ECCDA92BD3F50200FBC9FA /* Info.plist */ = {isa = PBXFileReference; lastKnownFileType = text.plist.xml; path = Info.plist; sourceTree = "<group>"; };
		27ECCDAA2BD3F50200FBC9FA /* main.m */ = {isa = PBXFileReference; lastKnownFileType = sourcecode.c.objc; path = main.m; sourceTree = "<group>"; };
		27FB1BB72BD3F6D100E07EDA /* QBar.xcodeproj */ = {isa = PBXFileReference; lastKnownFileType = "wrapper.pb-project"; name = QBar.xcodeproj; path = QBar/QBar.xcodeproj; sourceTree = "<group>"; };
		27FB1BC22BD41ECE00E07EDA /* QBarSDK.mm */ = {isa = PBXFileReference; lastKnownFileType = sourcecode.cpp.objcpp; path = QBarSDK.mm; sourceTree = "<group>"; };
		27FB1BC42BD41EF900E07EDA /* QBarSDK.h */ = {isa = PBXFileReference; fileEncoding = 4; lastKnownFileType = sourcecode.c.h; path = QBarSDK.h; sourceTree = "<group>"; };
		27FB1BC82BD41FDF00E07EDA /* CameraViewController.h */ = {isa = PBXFileReference; lastKnownFileType = sourcecode.c.h; path = CameraViewController.h; sourceTree = "<group>"; };
		27FB1BC92BD41FDF00E07EDA /* CameraViewController.m */ = {isa = PBXFileReference; lastKnownFileType = sourcecode.c.objc; path = CameraViewController.m; sourceTree = "<group>"; };
		27FF91422BD4FCD200BA5434 /* DetectedObject.h */ = {isa = PBXFileReference; lastKnownFileType = sourcecode.c.h; path = DetectedObject.h; sourceTree = "<group>"; };
		27FF91432BD4FCD200BA5434 /* DetectedObject.m */ = {isa = PBXFileReference; lastKnownFileType = sourcecode.c.objc; path = DetectedObject.m; sourceTree = "<group>"; };
		27FF91562BD5278A00BA5434 /* opencv2.framework */ = {isa = PBXFileReference; lastKnownFileType = wrapper.framework; name = opencv2.framework; path = "QBar/_deps/opencv-src/opencv2.framework"; sourceTree = "<group>"; };
/* End PBXFileReference section */

/* Begin PBXFrameworksBuildPhase section */
		27ECCD922BD3F50100FBC9FA /* Frameworks */ = {
			isa = PBXFrameworksBuildPhase;
			buildActionMask = 2147483647;
			files = (
				27FF91572BD5278A00BA5434 /* opencv2.framework in Frameworks */,
				27FF91552BD5273600BA5434 /* QBar.framework/QBar in Frameworks */,
			);
			runOnlyForDeploymentPostprocessing = 0;
		};
/* End PBXFrameworksBuildPhase section */

/* Begin PBXGroup section */
		27ECCD8C2BD3F50100FBC9FA = {
			isa = PBXGroup;
			children = (
				27FB1BB72BD3F6D100E07EDA /* QBar.xcodeproj */,
				27ECCD972BD3F50100FBC9FA /* demo */,
				27ECCD962BD3F50100FBC9FA /* Products */,
				27FF91512BD5273600BA5434 /* Frameworks */,
			);
			sourceTree = "<group>";
		};
		27ECCD962BD3F50100FBC9FA /* Products */ = {
			isa = PBXGroup;
			children = (
				27ECCD952BD3F50100FBC9FA /* demo.app */,
			);
			name = Products;
			sourceTree = "<group>";
		};
		27ECCD972BD3F50100FBC9FA /* demo */ = {
			isa = PBXGroup;
			children = (
				27ECCD982BD3F50100FBC9FA /* AppDelegate.h */,
				27ECCD992BD3F50100FBC9FA /* AppDelegate.m */,
				27ECCD9B2BD3F50100FBC9FA /* SceneDelegate.h */,
				27ECCD9C2BD3F50100FBC9FA /* SceneDelegate.m */,
				27ECCD9E2BD3F50100FBC9FA /* RootViewController.h */,
				27ECCD9F2BD3F50100FBC9FA /* RootViewController.m */,
				27472C202BFC91B9002FF77A /* PreviewViewController.h */,
				27472C1F2BFC91B9002FF77A /* PreviewViewController.m */,
				27FB1BC82BD41FDF00E07EDA /* CameraViewController.h */,
				27FB1BC92BD41FDF00E07EDA /* CameraViewController.m */,
				27FF91422BD4FCD200BA5434 /* DetectedObject.h */,
				27FF91432BD4FCD200BA5434 /* DetectedObject.m */,
				27472C242BFC9B58002FF77A /* Image.h */,
				27472C232BFC9B58002FF77A /* Image.m */,
				27FB1BC42BD41EF900E07EDA /* QBarSDK.h */,
				27FB1BC22BD41ECE00E07EDA /* QBarSDK.mm */,
				27ECCDA12BD3F50100FBC9FA /* Main.storyboard */,
				27ECCDA42BD3F50200FBC9FA /* Assets.xcassets */,
				27ECCDA62BD3F50200FBC9FA /* LaunchScreen.storyboard */,
				27ECCDA92BD3F50200FBC9FA /* Info.plist */,
				27ECCDAA2BD3F50200FBC9FA /* main.m */,
			);
			path = demo;
			sourceTree = "<group>";
		};
		27FB1BB82BD3F6D100E07EDA /* Products */ = {
			isa = PBXGroup;
			children = (
				27FB1BBF2BD3F6D100E07EDA /* QBar.framework/QBar */,
			);
			name = Products;
			sourceTree = "<group>";
		};
		27FF91512BD5273600BA5434 /* Frameworks */ = {
			isa = PBXGroup;
			children = (
				27FF91562BD5278A00BA5434 /* opencv2.framework */,
			);
			name = Frameworks;
			sourceTree = "<group>";
		};
/* End PBXGroup section */

/* Begin PBXNativeTarget section */
		27ECCD942BD3F50100FBC9FA /* demo */ = {
			isa = PBXNativeTarget;
			buildConfigurationList = 27ECCDAE2BD3F50200FBC9FA /* Build configuration list for PBXNativeTarget "demo" */;
			buildPhases = (
				27ECCD912BD3F50100FBC9FA /* Sources */,
				27ECCD922BD3F50100FBC9FA /* Frameworks */,
				27ECCD932BD3F50100FBC9FA /* Resources */,
			);
			buildRules = (
			);
			dependencies = (
				27FF91462BD5188300BA5434 /* PBXTargetDependency */,
			);
			name = demo;
			productName = demo;
			productReference = 27ECCD952BD3F50100FBC9FA /* demo.app */;
			productType = "com.apple.product-type.application";
		};
/* End PBXNativeTarget section */

/* Begin PBXProject section */
		27ECCD8D2BD3F50100FBC9FA /* Project object */ = {
			isa = PBXProject;
			attributes = {
				BuildIndependentTargetsInParallel = 1;
				LastUpgradeCheck = 1530;
				TargetAttributes = {
					27ECCD942BD3F50100FBC9FA = {
						CreatedOnToolsVersion = 15.3;
					};
				};
			};
			buildConfigurationList = 27ECCD902BD3F50100FBC9FA /* Build configuration list for PBXProject "demo" */;
			compatibilityVersion = "Xcode 14.0";
			developmentRegion = en;
			hasScannedForEncodings = 0;
			knownRegions = (
				en,
				Base,
			);
			mainGroup = 27ECCD8C2BD3F50100FBC9FA;
			productRefGroup = 27ECCD962BD3F50100FBC9FA /* Products */;
			projectDirPath = "";
			projectReferences = (
				{
					ProductGroup = 27FB1BB82BD3F6D100E07EDA /* Products */;
					ProjectRef = 27FB1BB72BD3F6D100E07EDA /* QBar.xcodeproj */;
				},
			);
			projectRoot = "";
			targets = (
				27ECCD942BD3F50100FBC9FA /* demo */,
			);
		};
/* End PBXProject section */

/* Begin PBXReferenceProxy section */
		27FB1BBF2BD3F6D100E07EDA /* QBar.framework/QBar */ = {
			isa = PBXReferenceProxy;
			fileType = wrapper.framework;
			name = QBar.framework/QBar;
			path = QBar.framework;
			remoteRef = 27FB1BBE2BD3F6D100E07EDA /* PBXContainerItemProxy */;
			sourceTree = BUILT_PRODUCTS_DIR;
		};
/* End PBXReferenceProxy section */

/* Begin PBXResourcesBuildPhase section */
		27ECCD932BD3F50100FBC9FA /* Resources */ = {
			isa = PBXResourcesBuildPhase;
			buildActionMask = 2147483647;
			files = (
				27ECCDA52BD3F50200FBC9FA /* Assets.xcassets in Resources */,
				27ECCDA82BD3F50200FBC9FA /* Base in Resources */,
				27ECCDA32BD3F50100FBC9FA /* Base in Resources */,
			);
			runOnlyForDeploymentPostprocessing = 0;
		};
/* End PBXResourcesBuildPhase section */

/* Begin PBXSourcesBuildPhase section */
		27ECCD912BD3F50100FBC9FA /* Sources */ = {
			isa = PBXSourcesBuildPhase;
			buildActionMask = 2147483647;
			files = (
				27472C272BFC9B58002FF77A /* Image.m in Sources */,
				27ECCDA02BD3F50100FBC9FA /* RootViewController.m in Sources */,
				27ECCD9A2BD3F50100FBC9FA /* AppDelegate.m in Sources */,
				27FB1BC32BD41ECE00E07EDA /* QBarSDK.mm in Sources */,
				27ECCDAB2BD3F50200FBC9FA /* main.m in Sources */,
				27472C212BFC91B9002FF77A /* PreviewViewController.m in Sources */,
				27FB1BCA2BD41FDF00E07EDA /* CameraViewController.m in Sources */,
				27ECCD9D2BD3F50100FBC9FA /* SceneDelegate.m in Sources */,
				27FF91442BD4FCD700BA5434 /* DetectedObject.m in Sources */,
			);
			runOnlyForDeploymentPostprocessing = 0;
		};
/* End PBXSourcesBuildPhase section */

/* Begin PBXTargetDependency section */
		27FF91462BD5188300BA5434 /* PBXTargetDependency */ = {
			isa = PBXTargetDependency;
			name = QBar;
			targetProxy = 27FF91452BD5188300BA5434 /* PBXContainerItemProxy */;
		};
/* End PBXTargetDependency section */

/* Begin PBXVariantGroup section */
		27ECCDA12BD3F50100FBC9FA /* Main.storyboard */ = {
			isa = PBXVariantGroup;
			children = (
				27ECCDA22BD3F50100FBC9FA /* Base */,
			);
			name = Main.storyboard;
			sourceTree = "<group>";
		};
		27ECCDA62BD3F50200FBC9FA /* LaunchScreen.storyboard */ = {
			isa = PBXVariantGroup;
			children = (
				27ECCDA72BD3F50200FBC9FA /* Base */,
			);
			name = LaunchScreen.storyboard;
			sourceTree = "<group>";
		};
/* End PBXVariantGroup section */

/* Begin XCBuildConfiguration section */
		27ECCDAC2BD3F50200FBC9FA /* Debug */ = {
			isa = XCBuildConfiguration;
			buildSettings = {
				ALWAYS_SEARCH_USER_PATHS = NO;
				ASSETCATALOG_COMPILER_GENERATE_SWIFT_ASSET_SYMBOL_EXTENSIONS = YES;
				CLANG_ANALYZER_NONNULL = YES;
				CLANG_ANALYZER_NUMBER_OBJECT_CONVERSION = YES_AGGRESSIVE;
				CLANG_CXX_LANGUAGE_STANDARD = "gnu++20";
				CLANG_ENABLE_MODULES = YES;
				CLANG_ENABLE_OBJC_ARC = YES;
				CLANG_ENABLE_OBJC_WEAK = YES;
				CLANG_WARN_BLOCK_CAPTURE_AUTORELEASING = YES;
				CLANG_WARN_BOOL_CONVERSION = YES;
				CLANG_WARN_COMMA = YES;
				CLANG_WARN_CONSTANT_CONVERSION = YES;
				CLANG_WARN_DEPRECATED_OBJC_IMPLEMENTATIONS = YES;
				CLANG_WARN_DIRECT_OBJC_ISA_USAGE = YES_ERROR;
				CLANG_WARN_DOCUMENTATION_COMMENTS = YES;
				CLANG_WARN_EMPTY_BODY = YES;
				CLANG_WARN_ENUM_CONVERSION = YES;
				CLANG_WARN_INFINITE_RECURSION = YES;
				CLANG_WARN_INT_CONVERSION = YES;
				CLANG_WARN_NON_LITERAL_NULL_CONVERSION = YES;
				CLANG_WARN_OBJC_IMPLICIT_RETAIN_SELF = YES;
				CLANG_WARN_OBJC_LITERAL_CONVERSION = YES;
				CLANG_WARN_OBJC_ROOT_CLASS = YES_ERROR;
				CLANG_WARN_QUOTED_INCLUDE_IN_FRAMEWORK_HEADER = YES;
				CLANG_WARN_RANGE_LOOP_ANALYSIS = YES;
				CLANG_WARN_STRICT_PROTOTYPES = YES;
				CLANG_WARN_SUSPICIOUS_MOVE = YES;
				CLANG_WARN_UNGUARDED_AVAILABILITY = YES_AGGRESSIVE;
				CLANG_WARN_UNREACHABLE_CODE = YES;
				CLANG_WARN__DUPLICATE_METHOD_MATCH = YES;
				COPY_PHASE_STRIP = NO;
				DEBUG_INFORMATION_FORMAT = dwarf;
				ENABLE_STRICT_OBJC_MSGSEND = YES;
				ENABLE_TESTABILITY = YES;
				ENABLE_USER_SCRIPT_SANDBOXING = YES;
				GCC_C_LANGUAGE_STANDARD = gnu17;
				GCC_DYNAMIC_NO_PIC = NO;
				GCC_NO_COMMON_BLOCKS = YES;
				GCC_OPTIMIZATION_LEVEL = 0;
				GCC_PREPROCESSOR_DEFINITIONS = (
					"DEBUG=1",
					"$(inherited)",
				);
				GCC_WARN_64_TO_32_BIT_CONVERSION = YES;
				GCC_WARN_ABOUT_RETURN_TYPE = YES_ERROR;
				GCC_WARN_UNDECLARED_SELECTOR = YES;
				GCC_WARN_UNINITIALIZED_AUTOS = YES_AGGRESSIVE;
				GCC_WARN_UNUSED_FUNCTION = YES;
				GCC_WARN_UNUSED_VARIABLE = YES;
				IPHONEOS_DEPLOYMENT_TARGET = 12.0;
				LOCALIZATION_PREFERS_STRING_CATALOGS = YES;
				MTL_ENABLE_DEBUG_INFO = INCLUDE_SOURCE;
				MTL_FAST_MATH = YES;
				ONLY_ACTIVE_ARCH = YES;
				SDKROOT = iphoneos;
			};
			name = Debug;
		};
		27ECCDAD2BD3F50200FBC9FA /* Release */ = {
			isa = XCBuildConfiguration;
			buildSettings = {
				ALWAYS_SEARCH_USER_PATHS = NO;
				ASSETCATALOG_COMPILER_GENERATE_SWIFT_ASSET_SYMBOL_EXTENSIONS = YES;
				CLANG_ANALYZER_NONNULL = YES;
				CLANG_ANALYZER_NUMBER_OBJECT_CONVERSION = YES_AGGRESSIVE;
				CLANG_CXX_LANGUAGE_STANDARD = "gnu++20";
				CLANG_ENABLE_MODULES = YES;
				CLANG_ENABLE_OBJC_ARC = YES;
				CLANG_ENABLE_OBJC_WEAK = YES;
				CLANG_WARN_BLOCK_CAPTURE_AUTORELEASING = YES;
				CLANG_WARN_BOOL_CONVERSION = YES;
				CLANG_WARN_COMMA = YES;
				CLANG_WARN_CONSTANT_CONVERSION = YES;
				CLANG_WARN_DEPRECATED_OBJC_IMPLEMENTATIONS = YES;
				CLANG_WARN_DIRECT_OBJC_ISA_USAGE = YES_ERROR;
				CLANG_WARN_DOCUMENTATION_COMMENTS = YES;
				CLANG_WARN_EMPTY_BODY = YES;
				CLANG_WARN_ENUM_CONVERSION = YES;
				CLANG_WARN_INFINITE_RECURSION = YES;
				CLANG_WARN_INT_CONVERSION = YES;
				CLANG_WARN_NON_LITERAL_NULL_CONVERSION = YES;
				CLANG_WARN_OBJC_IMPLICIT_RETAIN_SELF = YES;
				CLANG_WARN_OBJC_LITERAL_CONVERSION = YES;
				CLANG_WARN_OBJC_ROOT_CLASS = YES_ERROR;
				CLANG_WARN_QUOTED_INCLUDE_IN_FRAMEWORK_HEADER = YES;
				CLANG_WARN_RANGE_LOOP_ANALYSIS = YES;
				CLANG_WARN_STRICT_PROTOTYPES = YES;
				CLANG_WARN_SUSPICIOUS_MOVE = YES;
				CLANG_WARN_UNGUARDED_AVAILABILITY = YES_AGGRESSIVE;
				CLANG_WARN_UNREACHABLE_CODE = YES;
				CLANG_WARN__DUPLICATE_METHOD_MATCH = YES;
				COPY_PHASE_STRIP = NO;
				DEBUG_INFORMATION_FORMAT = "dwarf-with-dsym";
				ENABLE_NS_ASSERTIONS = NO;
				ENABLE_STRICT_OBJC_MSGSEND = YES;
				ENABLE_USER_SCRIPT_SANDBOXING = YES;
				GCC_C_LANGUAGE_STANDARD = gnu17;
				GCC_NO_COMMON_BLOCKS = YES;
				GCC_WARN_64_TO_32_BIT_CONVERSION = YES;
				GCC_WARN_ABOUT_RETURN_TYPE = YES_ERROR;
				GCC_WARN_UNDECLARED_SELECTOR = YES;
				GCC_WARN_UNINITIALIZED_AUTOS = YES_AGGRESSIVE;
				GCC_WARN_UNUSED_FUNCTION = YES;
				GCC_WARN_UNUSED_VARIABLE = YES;
				IPHONEOS_DEPLOYMENT_TARGET = 12.0;
				LOCALIZATION_PREFERS_STRING_CATALOGS = YES;
				MTL_ENABLE_DEBUG_INFO = NO;
				MTL_FAST_MATH = YES;
				SDKROOT = iphoneos;
				VALIDATE_PRODUCT = YES;
			};
			name = Release;
		};
		27ECCDAF2BD3F50200FBC9FA /* Debug */ = {
			isa = XCBuildConfiguration;
			buildSettings = {
				ASSETCATALOG_COMPILER_APPICON_NAME = AppIcon;
				ASSETCATALOG_COMPILER_GLOBAL_ACCENT_COLOR_NAME = AccentColor;
				CODE_SIGN_STYLE = Automatic;
				CURRENT_PROJECT_VERSION = 1;
				DEVELOPMENT_TEAM = R24ST22A2B;
				FRAMEWORK_SEARCH_PATHS = (
					"$(inherited)",
					"$(PROJECT_DIR)/QBar/_deps/opencv-src",
				);
				GENERATE_INFOPLIST_FILE = YES;
				HEADER_SEARCH_PATHS = "${SRCROOT}/../../include";
				INFOPLIST_FILE = demo/Info.plist;
				INFOPLIST_KEY_CFBundleDisplayName = QBar;
				INFOPLIST_KEY_UIApplicationSupportsIndirectInputEvents = YES;
				INFOPLIST_KEY_UILaunchStoryboardName = LaunchScreen;
				INFOPLIST_KEY_UIMainStoryboardFile = Main;
				INFOPLIST_KEY_UISupportedInterfaceOrientations = UIInterfaceOrientationPortrait;
				INFOPLIST_KEY_UISupportedInterfaceOrientations_iPad = "UIInterfaceOrientationPortrait UIInterfaceOrientationPortraitUpsideDown";
				IPHONEOS_DEPLOYMENT_TARGET = 13.0;
				LD_RUNPATH_SEARCH_PATHS = (
					"$(inherited)",
					"@executable_path/Frameworks",
				);
				MARKETING_VERSION = 1.0;
				PRODUCT_BUNDLE_IDENTIFIER = com.tencent.qbar.demo.zzy;
				PRODUCT_NAME = "$(TARGET_NAME)";
				SWIFT_EMIT_LOC_STRINGS = YES;
				TARGETED_DEVICE_FAMILY = "1,2";
			};
			name = Debug;
		};
		27ECCDB02BD3F50200FBC9FA /* Release */ = {
			isa = XCBuildConfiguration;
			buildSettings = {
				ASSETCATALOG_COMPILER_APPICON_NAME = AppIcon;
				ASSETCATALOG_COMPILER_GLOBAL_ACCENT_COLOR_NAME = AccentColor;
				CODE_SIGN_STYLE = Automatic;
				CURRENT_PROJECT_VERSION = 1;
				DEVELOPMENT_TEAM = R24ST22A2B;
				FRAMEWORK_SEARCH_PATHS = (
					"$(inherited)",
					"$(PROJECT_DIR)/QBar/_deps/opencv-src",
				);
				GENERATE_INFOPLIST_FILE = YES;
				HEADER_SEARCH_PATHS = "${SRCROOT}/../../include";
				INFOPLIST_FILE = demo/Info.plist;
				INFOPLIST_KEY_CFBundleDisplayName = QBar;
				INFOPLIST_KEY_UIApplicationSupportsIndirectInputEvents = YES;
				INFOPLIST_KEY_UILaunchStoryboardName = LaunchScreen;
				INFOPLIST_KEY_UIMainStoryboardFile = Main;
				INFOPLIST_KEY_UISupportedInterfaceOrientations = UIInterfaceOrientationPortrait;
				INFOPLIST_KEY_UISupportedInterfaceOrientations_iPad = "UIInterfaceOrientationPortrait UIInterfaceOrientationPortraitUpsideDown";
				IPHONEOS_DEPLOYMENT_TARGET = 13.0;
				LD_RUNPATH_SEARCH_PATHS = (
					"$(inherited)",
					"@executable_path/Frameworks",
				);
				MARKETING_VERSION = 1.0;
				PRODUCT_BUNDLE_IDENTIFIER = com.tencent.qbar.demo.zzy;
				PRODUCT_NAME = "$(TARGET_NAME)";
				SWIFT_EMIT_LOC_STRINGS = YES;
				TARGETED_DEVICE_FAMILY = "1,2";
			};
			name = Release;
		};
/* End XCBuildConfiguration section */

/* Begin XCConfigurationList section */
		27ECCD902BD3F50100FBC9FA /* Build configuration list for PBXProject "demo" */ = {
			isa = XCConfigurationList;
			buildConfigurations = (
				27ECCDAC2BD3F50200FBC9FA /* Debug */,
				27ECCDAD2BD3F50200FBC9FA /* Release */,
			);
			defaultConfigurationIsVisible = 0;
			defaultConfigurationName = Release;
		};
		27ECCDAE2BD3F50200FBC9FA /* Build configuration list for PBXNativeTarget "demo" */ = {
			isa = XCConfigurationList;
			buildConfigurations = (
				27ECCDAF2BD3F50200FBC9FA /* Debug */,
				27ECCDB02BD3F50200FBC9FA /* Release */,
			);
			defaultConfigurationIsVisible = 0;
			defaultConfigurationName = Release;
		};
/* End XCConfigurationList section */
	};
	rootObject = 27ECCD8D2BD3F50100FBC9FA /* Project object */;
}
